# THIS IS AN AUTOGENERATED FILE. DO NOT EDIT THIS FILE DIRECTLY.
# yarn lockfile v1


"@webcomponents/webcomponentsjs@^2.2.3":
  version "2.2.3"
  resolved "https://registry.yarnpkg.com/@webcomponents/webcomponentsjs/-/webcomponentsjs-2.2.3.tgz#1db73557e44df927ee5458c63b56f4a75183ca09"

lit-element@^2.0.0-rc.2:
  version "2.0.0-rc.2"
  resolved "https://registry.yarnpkg.com/lit-element/-/lit-element-2.0.0-rc.2.tgz#5975c3b282ce47937de861b48456036df71f422b"
  dependencies:
    lit-html "^1.0.0-rc.2"

lit-html@^1.0.0-rc.2:
  version "1.0.0-rc.2"
  resolved "https://registry.yarnpkg.com/lit-html/-/lit-html-1.0.0-rc.2.tgz#b9c904520fe005d349aa737a86d83645d97d5a89"
